
Microsoft Visual Studio Solution File, Format Version 12.00
# Visual Studio Version 17
VisualStudioVersion = 17.0.31912.275
MinimumVisualStudioVersion = 10.0.40219.1
Project("{9A19103F-16F7-4668-BE54-9A1E7A4F7556}") = "SerilogMongoDB", "SerilogMongoDB\SerilogMongoDB.csproj", "{C2F4F195-C929-418B-B8AE-B6A69F1A13C7}"
EndProject
Project("{FAE04EC0-301F-11D3-BF4B-00C04F79EFBC}") = "SerilogFile", "SerilogFile\SerilogFile.csproj", "{9B833AFC-EC7B-437D-A51D-D101ACDE30CF}"
EndProject
Global
	GlobalSection(SolutionConfigurationPlatforms) = preSolution
		Debug|Any CPU = Debug|Any CPU
		Release|Any CPU = Release|Any CPU
	EndGlobalSection
	GlobalSection(ProjectConfigurationPlatforms) = postSolution
		{C2F4F195-C929-418B-B8AE-B6A69F1A13C7}.Debug|Any CPU.ActiveCfg = Debug|Any CPU
		{C2F4F195-C929-418B-B8AE-B6A69F1A13C7}.Debug|Any CPU.Build.0 = Debug|Any CPU
		{C2F4F195-C929-418B-B8AE-B6A69F1A13C7}.Release|Any CPU.ActiveCfg = Release|Any CPU
		{C2F4F195-C929-418B-B8AE-B6A69F1A13C7}.Release|Any CPU.Build.0 = Release|Any CPU
		{9B833AFC-EC7B-437D-A51D-D101ACDE30CF}.Debug|Any CPU.ActiveCfg = Debug|Any CPU
		{9B833AFC-EC7B-437D-A51D-D101ACDE30CF}.Debug|Any CPU.Build.0 = Debug|Any CPU
		{9B833AFC-EC7B-437D-A51D-D101ACDE30CF}.Release|Any CPU.ActiveCfg = Release|Any CPU
		{9B833AFC-EC7B-437D-A51D-D101ACDE30CF}.Release|Any CPU.Build.0 = Release|Any CPU
	EndGlobalSection
	GlobalSection(SolutionProperties) = preSolution
		HideSolutionNode = FALSE
	EndGlobalSection
	GlobalSection(ExtensibilityGlobals) = postSolution
		SolutionGuid = {25A77577-B848-45FA-95F8-D72AD97A4B33}
	EndGlobalSection
EndGlobal
